
Microsoft Visual Studio Solution File, Format Version 12.00
# Visual Studio Version 17
VisualStudioVersion = 17.6.33815.320
MinimumVisualStudioVersion = 10.0.40219.1
Project("{9A19103F-16F7-4668-BE54-9A1E7A4F7556}") = "szorzotabla", "szorzotabla\szorzotabla.csproj", "{77BDB5AA-545C-4A93-8B11-D241F76F4F95}"
EndProject
Project("{9A19103F-16F7-4668-BE54-9A1E7A4F7556}") = "fibonacci", "fibonacci\fibonacci.csproj", "{0EB34F30-16B3-46DA-AEE4-70CCCE16DA5A}"
EndProject
Project("{9A19103F-16F7-4668-BE54-9A1E7A4F7556}") = "pascal", "pascal\pascal.csproj", "{CBA738CA-FCB9-440A-9E63-E6DBF3D29B9E}"
EndProject
Project("{9A19103F-16F7-4668-BE54-9A1E7A4F7556}") = "VillogoGomb", "VillogoGomb\VillogoGomb.csproj", "{BCB21759-76CC-4423-B292-5A3035777A30}"
EndProject
Project("{9A19103F-16F7-4668-BE54-9A1E7A4F7556}") = "Veletlen", "Veletlen\Veletlen.csproj", "{DE54EDCF-8CA2-4007-B58B-3D209077C359}"
EndProject
Project("{9A19103F-16F7-4668-BE54-9A1E7A4F7556}") = "Haromszog", "Haromszog\Haromszog.csproj", "{66A0F9F9-5FE3-4F1C-B363-66479A1A8BA4}"
EndProject
Project("{9A19103F-16F7-4668-BE54-9A1E7A4F7556}") = "Karacsonyfa", "Karacsonyfa\Karacsonyfa.csproj", "{58BCAD3A-DD11-412C-B0B4-0C7B7DEFBE68}"
EndProject
Project("{FAE04EC0-301F-11D3-BF4B-00C04F79EFBC}") = "kviz", "kviz\kviz.csproj", "{680F82D5-0603-459C-8E6D-7CD96DD0BB94}"
EndProject
Global
	GlobalSection(SolutionConfigurationPlatforms) = preSolution
		Debug|Any CPU = Debug|Any CPU
		Release|Any CPU = Release|Any CPU
	EndGlobalSection
	GlobalSection(ProjectConfigurationPlatforms) = postSolution
		{77BDB5AA-545C-4A93-8B11-D241F76F4F95}.Debug|Any CPU.ActiveCfg = Debug|Any CPU
		{77BDB5AA-545C-4A93-8B11-D241F76F4F95}.Debug|Any CPU.Build.0 = Debug|Any CPU
		{77BDB5AA-545C-4A93-8B11-D241F76F4F95}.Release|Any CPU.ActiveCfg = Release|Any CPU
		{77BDB5AA-545C-4A93-8B11-D241F76F4F95}.Release|Any CPU.Build.0 = Release|Any CPU
		{0EB34F30-16B3-46DA-AEE4-70CCCE16DA5A}.Debug|Any CPU.ActiveCfg = Debug|Any CPU
		{0EB34F30-16B3-46DA-AEE4-70CCCE16DA5A}.Debug|Any CPU.Build.0 = Debug|Any CPU
		{0EB34F30-16B3-46DA-AEE4-70CCCE16DA5A}.Release|Any CPU.ActiveCfg = Release|Any CPU
		{0EB34F30-16B3-46DA-AEE4-70CCCE16DA5A}.Release|Any CPU.Build.0 = Release|Any CPU
		{CBA738CA-FCB9-440A-9E63-E6DBF3D29B9E}.Debug|Any CPU.ActiveCfg = Debug|Any CPU
		{CBA738CA-FCB9-440A-9E63-E6DBF3D29B9E}.Debug|Any CPU.Build.0 = Debug|Any CPU
		{CBA738CA-FCB9-440A-9E63-E6DBF3D29B9E}.Release|Any CPU.ActiveCfg = Release|Any CPU
		{CBA738CA-FCB9-440A-9E63-E6DBF3D29B9E}.Release|Any CPU.Build.0 = Release|Any CPU
		{BCB21759-76CC-4423-B292-5A3035777A30}.Debug|Any CPU.ActiveCfg = Debug|Any CPU
		{BCB21759-76CC-4423-B292-5A3035777A30}.Debug|Any CPU.Build.0 = Debug|Any CPU
		{BCB21759-76CC-4423-B292-5A3035777A30}.Release|Any CPU.ActiveCfg = Release|Any CPU
		{BCB21759-76CC-4423-B292-5A3035777A30}.Release|Any CPU.Build.0 = Release|Any CPU
		{DE54EDCF-8CA2-4007-B58B-3D209077C359}.Debug|Any CPU.ActiveCfg = Debug|Any CPU
		{DE54EDCF-8CA2-4007-B58B-3D209077C359}.Debug|Any CPU.Build.0 = Debug|Any CPU
		{DE54EDCF-8CA2-4007-B58B-3D209077C359}.Release|Any CPU.ActiveCfg = Release|Any CPU
		{DE54EDCF-8CA2-4007-B58B-3D209077C359}.Release|Any CPU.Build.0 = Release|Any CPU
		{66A0F9F9-5FE3-4F1C-B363-66479A1A8BA4}.Debug|Any CPU.ActiveCfg = Debug|Any CPU
		{66A0F9F9-5FE3-4F1C-B363-66479A1A8BA4}.Debug|Any CPU.Build.0 = Debug|Any CPU
		{66A0F9F9-5FE3-4F1C-B363-66479A1A8BA4}.Release|Any CPU.ActiveCfg = Release|Any CPU
		{66A0F9F9-5FE3-4F1C-B363-66479A1A8BA4}.Release|Any CPU.Build.0 = Release|Any CPU
		{58BCAD3A-DD11-412C-B0B4-0C7B7DEFBE68}.Debug|Any CPU.ActiveCfg = Debug|Any CPU
		{58BCAD3A-DD11-412C-B0B4-0C7B7DEFBE68}.Debug|Any CPU.Build.0 = Debug|Any CPU
		{58BCAD3A-DD11-412C-B0B4-0C7B7DEFBE68}.Release|Any CPU.ActiveCfg = Release|Any CPU
		{58BCAD3A-DD11-412C-B0B4-0C7B7DEFBE68}.Release|Any CPU.Build.0 = Release|Any CPU
		{680F82D5-0603-459C-8E6D-7CD96DD0BB94}.Debug|Any CPU.ActiveCfg = Debug|Any CPU
		{680F82D5-0603-459C-8E6D-7CD96DD0BB94}.Debug|Any CPU.Build.0 = Debug|Any CPU
		{680F82D5-0603-459C-8E6D-7CD96DD0BB94}.Release|Any CPU.ActiveCfg = Release|Any CPU
		{680F82D5-0603-459C-8E6D-7CD96DD0BB94}.Release|Any CPU.Build.0 = Release|Any CPU
	EndGlobalSection
	GlobalSection(SolutionProperties) = preSolution
		HideSolutionNode = FALSE
	EndGlobalSection
	GlobalSection(ExtensibilityGlobals) = postSolution
		SolutionGuid = {F6ACF655-6C12-4BCB-8AA9-0B6B3E830093}
	EndGlobalSection
EndGlobal
